
Microsoft Visual Studio Solution File, Format Version 12.00
# Visual Studio 15
VisualStudioVersion = 15.0.27703.2018
MinimumVisualStudioVersion = 10.0.40219.1
Project("{FAE04EC0-301F-11D3-BF4B-00C04F79EFBC}") = "SingletonDesignPpattern", "Singleton-design-pattern\SingletonDesignPpattern.csproj", "{7F384AF1-5D15-4FE9-80E5-7E0B6BEBA6A5}"
EndProject
Project("{FAE04EC0-301F-11D3-BF4B-00C04F79EFBC}") = "DifferenceBWSingletonAndStatic", "DifferenceBWSingletonAndStatic\DifferenceBWSingletonAndStatic.csproj", "{838B1598-7C07-4632-8918-9F82B065AEC9}"
EndProject
Project("{FAE04EC0-301F-11D3-BF4B-00C04F79EFBC}") = "EmployeePortal", "EmployeePortal\EmployeePortal.csproj", "{CC128AA5-619E-490E-8FEE-AF0D65758199}"
EndProject
Project("{FAE04EC0-301F-11D3-BF4B-00C04F79EFBC}") = "Web", "Web\Web.csproj", "{A4FC0253-4833-4292-843E-EA9384686388}"
EndProject
Project("{FAE04EC0-301F-11D3-BF4B-00C04F79EFBC}") = "Logger", "Logger\Logger.csproj", "{545C22A1-F8B7-4A18-BA0F-8C8C9D9D555C}"
EndProject
Global
	GlobalSection(SolutionConfigurationPlatforms) = preSolution
		Debug|Any CPU = Debug|Any CPU
		Release|Any CPU = Release|Any CPU
	EndGlobalSection
	GlobalSection(ProjectConfigurationPlatforms) = postSolution
		{7F384AF1-5D15-4FE9-80E5-7E0B6BEBA6A5}.Debug|Any CPU.ActiveCfg = Debug|Any CPU
		{7F384AF1-5D15-4FE9-80E5-7E0B6BEBA6A5}.Debug|Any CPU.Build.0 = Debug|Any CPU
		{7F384AF1-5D15-4FE9-80E5-7E0B6BEBA6A5}.Release|Any CPU.ActiveCfg = Release|Any CPU
		{7F384AF1-5D15-4FE9-80E5-7E0B6BEBA6A5}.Release|Any CPU.Build.0 = Release|Any CPU
		{838B1598-7C07-4632-8918-9F82B065AEC9}.Debug|Any CPU.ActiveCfg = Debug|Any CPU
		{838B1598-7C07-4632-8918-9F82B065AEC9}.Debug|Any CPU.Build.0 = Debug|Any CPU
		{838B1598-7C07-4632-8918-9F82B065AEC9}.Release|Any CPU.ActiveCfg = Release|Any CPU
		{838B1598-7C07-4632-8918-9F82B065AEC9}.Release|Any CPU.Build.0 = Release|Any CPU
		{CC128AA5-619E-490E-8FEE-AF0D65758199}.Debug|Any CPU.ActiveCfg = Debug|Any CPU
		{CC128AA5-619E-490E-8FEE-AF0D65758199}.Debug|Any CPU.Build.0 = Debug|Any CPU
		{CC128AA5-619E-490E-8FEE-AF0D65758199}.Release|Any CPU.ActiveCfg = Release|Any CPU
		{CC128AA5-619E-490E-8FEE-AF0D65758199}.Release|Any CPU.Build.0 = Release|Any CPU
		{A4FC0253-4833-4292-843E-EA9384686388}.Debug|Any CPU.ActiveCfg = Debug|Any CPU
		{A4FC0253-4833-4292-843E-EA9384686388}.Debug|Any CPU.Build.0 = Debug|Any CPU
		{A4FC0253-4833-4292-843E-EA9384686388}.Release|Any CPU.ActiveCfg = Release|Any CPU
		{A4FC0253-4833-4292-843E-EA9384686388}.Release|Any CPU.Build.0 = Release|Any CPU
		{545C22A1-F8B7-4A18-BA0F-8C8C9D9D555C}.Debug|Any CPU.ActiveCfg = Debug|Any CPU
		{545C22A1-F8B7-4A18-BA0F-8C8C9D9D555C}.Debug|Any CPU.Build.0 = Debug|Any CPU
		{545C22A1-F8B7-4A18-BA0F-8C8C9D9D555C}.Release|Any CPU.ActiveCfg = Release|Any CPU
		{545C22A1-F8B7-4A18-BA0F-8C8C9D9D555C}.Release|Any CPU.Build.0 = Release|Any CPU
	EndGlobalSection
	GlobalSection(SolutionProperties) = preSolution
		HideSolutionNode = FALSE
	EndGlobalSection
	GlobalSection(ExtensibilityGlobals) = postSolution
		SolutionGuid = {0481C4EC-A6BF-43D5-AC71-4F8E5064A80D}
	EndGlobalSection
EndGlobal
